{
  "requires": true,
  "lockfileVersion": 1,
  "dependencies": {
    "@angular/compiler": {
      "version": "7.2.15",
      "resolved": "https://registry.npmjs.org/@angular/compiler/-/compiler-7.2.15.tgz",
      "integrity": "sha512-5yb4NcLk8GuXkYf7Dcor4XkGueYp4dgihzDmMjYDUrV0NPhubKlr+SwGtLOtzgRBWJ1I2bO0S3zwa0q0OgIPOw==",
      "requires": {
        "tslib": "^1.9.0"
      }
    },
    "@angular/core": {
      "version": "7.2.15",
      "resolved": "https://registry.npmjs.org/@angular/core/-/core-7.2.15.tgz",
      "integrity": "sha512-XsuYm0jEU/mOqwDOk2utThv8J9kESkAerfuCHClE9rB2TtHUOGCfekF7lJWqjjypu6/J9ygoPFo7hdAE058ZGg==",
      "requires": {
        "tslib": "^1.9.0"
      }
    },
    "angular-input-masks": {
      "version": "4.4.1",
      "resolved": "https://registry.npmjs.org/angular-input-masks/-/angular-input-masks-4.4.1.tgz",
      "integrity": "sha512-gY1rhev/07EO82UU6H1ENdYdI2yzfYXIb04JOW9Un4pWXhQ7sfsLp/jx10D8QZs7qwEa3/vHU3RdHLhpBtkjYA==",
      "requires": {
        "br-validations": "^0.3.1",
        "date-fns": "2.0.0-alpha.7",
        "string-mask": "^0.3.0"
      }
    },
    "br-validations": {
      "version": "0.3.1",
      "resolved": "https://registry.npmjs.org/br-validations/-/br-validations-0.3.1.tgz",
      "integrity": "sha1-TkWk4HStruorfgiLwON63pt2Nk0="
    },
    "date-fns": {
      "version": "2.0.0-alpha.7",
      "resolved": "https://registry.npmjs.org/date-fns/-/date-fns-2.0.0-alpha.7.tgz",
      "integrity": "sha1-JFrRb5V2Tqur+ywKQf1dAzwg5Xo="
    },
    "ng2-search-filter": {
      "version": "0.5.1",
      "resolved": "https://registry.npmjs.org/ng2-search-filter/-/ng2-search-filter-0.5.1.tgz",
      "integrity": "sha512-noN8R+Gyxo5ZuboEOvq+u0zKio6pEf1IVYQTCZfAfXm6ONmzWu/M2xK0di9oVUprDbPBQXCGUuvD5i2GD+35HA=="
    },
    "rxjs": {
      "version": "6.5.3",
      "resolved": "https://registry.npmjs.org/rxjs/-/rxjs-6.5.3.tgz",
      "integrity": "sha512-wuYsAYYFdWTAnAaPoKGNhfpWwKZbJW+HgAJ+mImp+Epl7BG8oNWBCTyRM8gba9k4lk8BgWdoYm21Mo/RYhhbgA==",
      "requires": {
        "tslib": "^1.9.0"
      }
    },
    "string-mask": {
      "version": "0.3.0",
      "resolved": "https://registry.npmjs.org/string-mask/-/string-mask-0.3.0.tgz",
      "integrity": "sha1-nnJEuHuy9vlkfirJj5b6GlfCEZg="
    },
    "tslib": {
      "version": "1.10.0",
      "resolved": "https://registry.npmjs.org/tslib/-/tslib-1.10.0.tgz",
      "integrity": "sha512-qOebF53frne81cf0S9B41ByenJ3/IuH8yJKngAX35CmiZySA0khhkovshKK+jGCaMnVomla7gVlIcc3EvKPbTQ=="
    },
    "zone.js": {
      "version": "0.8.29",
      "resolved": "https://registry.npmjs.org/zone.js/-/zone.js-0.8.29.tgz",
      "integrity": "sha512-mla2acNCMkWXBD+c+yeUrBUrzOxYMNFdQ6FGfigGGtEVBPJx07BQeJekjt9DmH1FtZek4E9rE1eRR9qQpxACOQ=="
    }
  }
}
