{
  "requires": true,
  "lockfileVersion": 1,
  "dependencies": {
    "@webcomponents/webcomponentsjs": {
      "version": "2.2.10",
      "resolved": "https://registry.npmjs.org/@webcomponents/webcomponentsjs/-/webcomponentsjs-2.2.10.tgz",
      "integrity": "sha512-5dzhUhP+h0qMiK0IWb7VNb0OGBoXO3AuI6Qi8t9PoKT50s5L1jv0xnwnLq+cFgPuTB8FLTNP8xIDmyoOsKBy9Q=="
    },
    "document-register-element": {
      "version": "1.8.1",
      "resolved": "https://registry.npmjs.org/document-register-element/-/document-register-element-1.8.1.tgz",
      "integrity": "sha512-WqUnZzRZByeur0YsQBDHG9mYWJR83Un4LeSRhZNfXZ0hlqDwP6WuxPK+a/tLIX/r5BCp+UAv/b0Z73KkCsdPjQ==",
      "requires": {
        "lightercollective": "^0.0.0"
      }
    },
    "lightercollective": {
      "version": "0.0.0",
      "resolved": "https://registry.npmjs.org/lightercollective/-/lightercollective-0.0.0.tgz",
      "integrity": "sha512-4SdGgHgQjlqhk90QxAYsltGEI6HHt30xy9fOIPKi+c3vcGRcpPDtzm6+kxr1N9ixkrx/ngMhTCe/VpBc/HmNBQ=="
    },
    "tslib": {
      "version": "1.10.0",
      "resolved": "https://registry.npmjs.org/tslib/-/tslib-1.10.0.tgz",
      "integrity": "sha512-qOebF53frne81cf0S9B41ByenJ3/IuH8yJKngAX35CmiZySA0khhkovshKK+jGCaMnVomla7gVlIcc3EvKPbTQ=="
    }
  }
}
